Microsoft Visual Studio Solution File, Format Version 12.00
# Visual Studio Version 17
VisualStudioVersion = 17.5.2.0
MinimumVisualStudioVersion = 10.0.40219.1
Project("{FAE04EC0-301F-11D3-BF4B-00C04F79EFBC}") = "Conference-Booking-Domain", "Conference-Booking-Domain.csproj", "{1AFD1BF2-F84D-293A-5FFE-9D588A1C6FBD}"
EndProject
Global
	GlobalSection(SolutionConfigurationPlatforms) = preSolution
		Debug|Any CPU = Debug|Any CPU
		Release|Any CPU = Release|Any CPU
	EndGlobalSection
	GlobalSection(ProjectConfigurationPlatforms) = postSolution
		{1AFD1BF2-F84D-293A-5FFE-9D588A1C6FBD}.Debug|Any CPU.ActiveCfg = Debug|Any CPU
		{1AFD1BF2-F84D-293A-5FFE-9D588A1C6FBD}.Debug|Any CPU.Build.0 = Debug|Any CPU
		{1AFD1BF2-F84D-293A-5FFE-9D588A1C6FBD}.Release|Any CPU.ActiveCfg = Release|Any CPU
		{1AFD1BF2-F84D-293A-5FFE-9D588A1C6FBD}.Release|Any CPU.Build.0 = Release|Any CPU
	EndGlobalSection
	GlobalSection(SolutionProperties) = preSolution
		HideSolutionNode = FALSE
	EndGlobalSection
	GlobalSection(ExtensibilityGlobals) = postSolution
		SolutionGuid = {03916C5B-9F93-4C89-B6F4-34AC23A5C09E}
	EndGlobalSection
EndGlobal
